
Microsoft Visual Studio Solution File, Format Version 12.00
# Visual Studio 15
VisualStudioVersion = 15.0.26730.10
MinimumVisualStudioVersion = 10.0.40219.1

Project("{6EC3EE1D-3C4E-46DD-8F32-0CC8E7565705}") = "Recipes", "Recipes\Recipes.fsproj", "{2CE5F8E4-3DC9-44FB-BB97-B65C63E53602}"
EndProject

Project("{F2A71F9B-5D33-465A-A702-920D77279786}") = "Recipes.Android", "Recipes.Android\Recipes.Android.fsproj", "{739CE3E5-2768-46B3-8581-025402F97BC4}"
EndProject


Project("{F2A71F9B-5D33-465A-A702-920D77279786}") = "Recipes.iOS", "Recipes.iOS\Recipes.iOS.fsproj", "{2C3F6753-6A37-40AF-88B9-7873C6B95B3C}"
EndProject




Global
	GlobalSection(SolutionConfigurationPlatforms) = preSolution
		Ad-Hoc|Any CPU = Ad-Hoc|Any CPU
		Ad-Hoc|ARM = Ad-Hoc|ARM
		Ad-Hoc|iPhone = Ad-Hoc|iPhone
		Ad-Hoc|iPhoneSimulator = Ad-Hoc|iPhoneSimulator
		Ad-Hoc|x64 = Ad-Hoc|x64
		Ad-Hoc|x86 = Ad-Hoc|x86
		AppStore|Any CPU = AppStore|Any CPU
		AppStore|ARM = AppStore|ARM
		AppStore|iPhone = AppStore|iPhone
		AppStore|iPhoneSimulator = AppStore|iPhoneSimulator
		AppStore|x64 = AppStore|x64
		AppStore|x86 = AppStore|x86
		Debug|Any CPU = Debug|Any CPU
		Debug|ARM = Debug|ARM
		Debug|iPhone = Debug|iPhone
		Debug|iPhoneSimulator = Debug|iPhoneSimulator
		Debug|x64 = Debug|x64
		Debug|x86 = Debug|x86
		Release|Any CPU = Release|Any CPU
		Release|ARM = Release|ARM
		Release|iPhone = Release|iPhone
		Release|iPhoneSimulator = Release|iPhoneSimulator
		Release|x64 = Release|x64
		Release|x86 = Release|x86
	EndGlobalSection
	GlobalSection(ProjectConfigurationPlatforms) = postSolution
		{2CE5F8E4-3DC9-44FB-BB97-B65C63E53602}.Ad-Hoc|Any CPU.ActiveCfg = Debug|Any CPU
		{2CE5F8E4-3DC9-44FB-BB97-B65C63E53602}.Ad-Hoc|Any CPU.Build.0 = Debug|Any CPU
		{2CE5F8E4-3DC9-44FB-BB97-B65C63E53602}.Ad-Hoc|ARM.ActiveCfg = Debug|Any CPU
		{2CE5F8E4-3DC9-44FB-BB97-B65C63E53602}.Ad-Hoc|ARM.Build.0 = Debug|Any CPU
		{2CE5F8E4-3DC9-44FB-BB97-B65C63E53602}.Ad-Hoc|iPhone.ActiveCfg = Debug|Any CPU
		{2CE5F8E4-3DC9-44FB-BB97-B65C63E53602}.Ad-Hoc|iPhone.Build.0 = Debug|Any CPU
		{2CE5F8E4-3DC9-44FB-BB97-B65C63E53602}.Ad-Hoc|iPhoneSimulator.ActiveCfg = Debug|Any CPU
		{2CE5F8E4-3DC9-44FB-BB97-B65C63E53602}.Ad-Hoc|iPhoneSimulator.Build.0 = Debug|Any CPU
		{2CE5F8E4-3DC9-44FB-BB97-B65C63E53602}.Ad-Hoc|x64.ActiveCfg = Debug|Any CPU
		{2CE5F8E4-3DC9-44FB-BB97-B65C63E53602}.Ad-Hoc|x64.Build.0 = Debug|Any CPU
		{2CE5F8E4-3DC9-44FB-BB97-B65C63E53602}.Ad-Hoc|x86.ActiveCfg = Debug|Any CPU
		{2CE5F8E4-3DC9-44FB-BB97-B65C63E53602}.Ad-Hoc|x86.Build.0 = Debug|Any CPU
		{2CE5F8E4-3DC9-44FB-BB97-B65C63E53602}.AppStore|Any CPU.ActiveCfg = Debug|Any CPU
		{2CE5F8E4-3DC9-44FB-BB97-B65C63E53602}.AppStore|Any CPU.Build.0 = Debug|Any CPU
		{2CE5F8E4-3DC9-44FB-BB97-B65C63E53602}.AppStore|ARM.ActiveCfg = Debug|Any CPU
		{2CE5F8E4-3DC9-44FB-BB97-B65C63E53602}.AppStore|ARM.Build.0 = Debug|Any CPU
		{2CE5F8E4-3DC9-44FB-BB97-B65C63E53602}.AppStore|iPhone.ActiveCfg = Debug|Any CPU
		{2CE5F8E4-3DC9-44FB-BB97-B65C63E53602}.AppStore|iPhone.Build.0 = Debug|Any CPU
		{2CE5F8E4-3DC9-44FB-BB97-B65C63E53602}.AppStore|iPhoneSimulator.ActiveCfg = Debug|Any CPU
		{2CE5F8E4-3DC9-44FB-BB97-B65C63E53602}.AppStore|iPhoneSimulator.Build.0 = Debug|Any CPU
		{2CE5F8E4-3DC9-44FB-BB97-B65C63E53602}.AppStore|x64.ActiveCfg = Debug|Any CPU
		{2CE5F8E4-3DC9-44FB-BB97-B65C63E53602}.AppStore|x64.Build.0 = Debug|Any CPU
		{2CE5F8E4-3DC9-44FB-BB97-B65C63E53602}.AppStore|x86.ActiveCfg = Debug|Any CPU
		{2CE5F8E4-3DC9-44FB-BB97-B65C63E53602}.AppStore|x86.Build.0 = Debug|Any CPU
		{2CE5F8E4-3DC9-44FB-BB97-B65C63E53602}.Debug|Any CPU.ActiveCfg = Debug|Any CPU
		{2CE5F8E4-3DC9-44FB-BB97-B65C63E53602}.Debug|Any CPU.Build.0 = Debug|Any CPU
		{2CE5F8E4-3DC9-44FB-BB97-B65C63E53602}.Debug|ARM.ActiveCfg = Debug|Any CPU
		{2CE5F8E4-3DC9-44FB-BB97-B65C63E53602}.Debug|ARM.Build.0 = Debug|Any CPU
		{2CE5F8E4-3DC9-44FB-BB97-B65C63E53602}.Debug|iPhone.ActiveCfg = Debug|Any CPU
		{2CE5F8E4-3DC9-44FB-BB97-B65C63E53602}.Debug|iPhone.Build.0 = Debug|Any CPU
		{2CE5F8E4-3DC9-44FB-BB97-B65C63E53602}.Debug|iPhoneSimulator.ActiveCfg = Debug|Any CPU
		{2CE5F8E4-3DC9-44FB-BB97-B65C63E53602}.Debug|iPhoneSimulator.Build.0 = Debug|Any CPU
		{2CE5F8E4-3DC9-44FB-BB97-B65C63E53602}.Debug|x64.ActiveCfg = Debug|Any CPU
		{2CE5F8E4-3DC9-44FB-BB97-B65C63E53602}.Debug|x64.Build.0 = Debug|Any CPU
		{2CE5F8E4-3DC9-44FB-BB97-B65C63E53602}.Debug|x86.ActiveCfg = Debug|Any CPU
		{2CE5F8E4-3DC9-44FB-BB97-B65C63E53602}.Debug|x86.Build.0 = Debug|Any CPU
		{2CE5F8E4-3DC9-44FB-BB97-B65C63E53602}.Release|Any CPU.ActiveCfg = Release|Any CPU
		{2CE5F8E4-3DC9-44FB-BB97-B65C63E53602}.Release|Any CPU.Build.0 = Release|Any CPU
		{2CE5F8E4-3DC9-44FB-BB97-B65C63E53602}.Release|ARM.ActiveCfg = Release|Any CPU
		{2CE5F8E4-3DC9-44FB-BB97-B65C63E53602}.Release|ARM.Build.0 = Release|Any CPU
		{2CE5F8E4-3DC9-44FB-BB97-B65C63E53602}.Release|iPhone.ActiveCfg = Release|Any CPU
		{2CE5F8E4-3DC9-44FB-BB97-B65C63E53602}.Release|iPhone.Build.0 = Release|Any CPU
		{2CE5F8E4-3DC9-44FB-BB97-B65C63E53602}.Release|iPhoneSimulator.ActiveCfg = Release|Any CPU
		{2CE5F8E4-3DC9-44FB-BB97-B65C63E53602}.Release|iPhoneSimulator.Build.0 = Release|Any CPU
		{2CE5F8E4-3DC9-44FB-BB97-B65C63E53602}.Release|x64.ActiveCfg = Release|Any CPU
		{2CE5F8E4-3DC9-44FB-BB97-B65C63E53602}.Release|x64.Build.0 = Release|Any CPU
		{2CE5F8E4-3DC9-44FB-BB97-B65C63E53602}.Release|x86.ActiveCfg = Release|Any CPU
		{2CE5F8E4-3DC9-44FB-BB97-B65C63E53602}.Release|x86.Build.0 = Release|Any CPU
		{2C3F6753-6A37-40AF-88B9-7873C6B95B3C}.Ad-Hoc|Any CPU.ActiveCfg = Ad-Hoc|iPhone
		{2C3F6753-6A37-40AF-88B9-7873C6B95B3C}.Ad-Hoc|ARM.ActiveCfg = Ad-Hoc|iPhone
		{2C3F6753-6A37-40AF-88B9-7873C6B95B3C}.Ad-Hoc|iPhone.ActiveCfg = Ad-Hoc|iPhone
		{2C3F6753-6A37-40AF-88B9-7873C6B95B3C}.Ad-Hoc|iPhone.Build.0 = Ad-Hoc|iPhone
		{2C3F6753-6A37-40AF-88B9-7873C6B95B3C}.Ad-Hoc|iPhoneSimulator.ActiveCfg = Ad-Hoc|iPhoneSimulator
		{2C3F6753-6A37-40AF-88B9-7873C6B95B3C}.Ad-Hoc|iPhoneSimulator.Build.0 = Ad-Hoc|iPhoneSimulator
		{2C3F6753-6A37-40AF-88B9-7873C6B95B3C}.Ad-Hoc|x64.ActiveCfg = Ad-Hoc|iPhone
		{2C3F6753-6A37-40AF-88B9-7873C6B95B3C}.Ad-Hoc|x86.ActiveCfg = Ad-Hoc|iPhone
		{2C3F6753-6A37-40AF-88B9-7873C6B95B3C}.AppStore|Any CPU.ActiveCfg = AppStore|iPhone
		{2C3F6753-6A37-40AF-88B9-7873C6B95B3C}.AppStore|ARM.ActiveCfg = AppStore|iPhone
		{2C3F6753-6A37-40AF-88B9-7873C6B95B3C}.AppStore|iPhone.ActiveCfg = AppStore|iPhone
		{2C3F6753-6A37-40AF-88B9-7873C6B95B3C}.AppStore|iPhone.Build.0 = AppStore|iPhone
		{2C3F6753-6A37-40AF-88B9-7873C6B95B3C}.AppStore|iPhoneSimulator.ActiveCfg = AppStore|iPhoneSimulator
		{2C3F6753-6A37-40AF-88B9-7873C6B95B3C}.AppStore|iPhoneSimulator.Build.0 = AppStore|iPhoneSimulator
		{2C3F6753-6A37-40AF-88B9-7873C6B95B3C}.AppStore|x64.ActiveCfg = AppStore|iPhone
		{2C3F6753-6A37-40AF-88B9-7873C6B95B3C}.AppStore|x86.ActiveCfg = AppStore|iPhone
		{2C3F6753-6A37-40AF-88B9-7873C6B95B3C}.Debug|Any CPU.ActiveCfg = Debug|iPhone
		{2C3F6753-6A37-40AF-88B9-7873C6B95B3C}.Debug|ARM.ActiveCfg = Debug|iPhone
		{2C3F6753-6A37-40AF-88B9-7873C6B95B3C}.Debug|iPhone.ActiveCfg = Debug|iPhone
		{2C3F6753-6A37-40AF-88B9-7873C6B95B3C}.Debug|iPhone.Build.0 = Debug|iPhone
		{2C3F6753-6A37-40AF-88B9-7873C6B95B3C}.Debug|iPhoneSimulator.ActiveCfg = Debug|iPhoneSimulator
		{2C3F6753-6A37-40AF-88B9-7873C6B95B3C}.Debug|iPhoneSimulator.Build.0 = Debug|iPhoneSimulator
		{2C3F6753-6A37-40AF-88B9-7873C6B95B3C}.Debug|x64.ActiveCfg = Debug|iPhone
		{2C3F6753-6A37-40AF-88B9-7873C6B95B3C}.Debug|x86.ActiveCfg = Debug|iPhone
		{2C3F6753-6A37-40AF-88B9-7873C6B95B3C}.Release|Any CPU.ActiveCfg = Release|iPhone
		{2C3F6753-6A37-40AF-88B9-7873C6B95B3C}.Release|ARM.ActiveCfg = Release|iPhone
		{2C3F6753-6A37-40AF-88B9-7873C6B95B3C}.Release|iPhone.ActiveCfg = Release|iPhone
		{2C3F6753-6A37-40AF-88B9-7873C6B95B3C}.Release|iPhone.Build.0 = Release|iPhone
		{2C3F6753-6A37-40AF-88B9-7873C6B95B3C}.Release|iPhoneSimulator.ActiveCfg = Release|iPhoneSimulator
		{2C3F6753-6A37-40AF-88B9-7873C6B95B3C}.Release|iPhoneSimulator.Build.0 = Release|iPhoneSimulator
		{2C3F6753-6A37-40AF-88B9-7873C6B95B3C}.Release|x64.ActiveCfg = Release|iPhone
		{2C3F6753-6A37-40AF-88B9-7873C6B95B3C}.Release|x86.ActiveCfg = Release|iPhone
		{A7CB8071-2887-4C2A-A045-F229C1D870E1}.Ad-Hoc|Any CPU.ActiveCfg = Release|x86
		{A7CB8071-2887-4C2A-A045-F229C1D870E1}.Ad-Hoc|Any CPU.Build.0 = Release|x86
		{A7CB8071-2887-4C2A-A045-F229C1D870E1}.Ad-Hoc|Any CPU.Deploy.0 = Release|x86
		{A7CB8071-2887-4C2A-A045-F229C1D870E1}.Ad-Hoc|ARM.ActiveCfg = Release|ARM
		{A7CB8071-2887-4C2A-A045-F229C1D870E1}.Ad-Hoc|ARM.Build.0 = Release|ARM
		{A7CB8071-2887-4C2A-A045-F229C1D870E1}.Ad-Hoc|ARM.Deploy.0 = Release|ARM
		{A7CB8071-2887-4C2A-A045-F229C1D870E1}.Ad-Hoc|iPhone.ActiveCfg = Release|x86
		{A7CB8071-2887-4C2A-A045-F229C1D870E1}.Ad-Hoc|iPhone.Build.0 = Release|x86
		{A7CB8071-2887-4C2A-A045-F229C1D870E1}.Ad-Hoc|iPhone.Deploy.0 = Release|x86
		{A7CB8071-2887-4C2A-A045-F229C1D870E1}.Ad-Hoc|iPhoneSimulator.ActiveCfg = Release|x86
		{A7CB8071-2887-4C2A-A045-F229C1D870E1}.Ad-Hoc|iPhoneSimulator.Build.0 = Release|x86
		{A7CB8071-2887-4C2A-A045-F229C1D870E1}.Ad-Hoc|iPhoneSimulator.Deploy.0 = Release|x86
		{A7CB8071-2887-4C2A-A045-F229C1D870E1}.Ad-Hoc|x64.ActiveCfg = Release|x64
		{A7CB8071-2887-4C2A-A045-F229C1D870E1}.Ad-Hoc|x64.Build.0 = Release|x64
		{A7CB8071-2887-4C2A-A045-F229C1D870E1}.Ad-Hoc|x64.Deploy.0 = Release|x64
		{A7CB8071-2887-4C2A-A045-F229C1D870E1}.Ad-Hoc|x86.ActiveCfg = Release|x86
		{A7CB8071-2887-4C2A-A045-F229C1D870E1}.Ad-Hoc|x86.Build.0 = Release|x86
		{A7CB8071-2887-4C2A-A045-F229C1D870E1}.Ad-Hoc|x86.Deploy.0 = Release|x86
		{A7CB8071-2887-4C2A-A045-F229C1D870E1}.AppStore|Any CPU.ActiveCfg = Release|x86
		{A7CB8071-2887-4C2A-A045-F229C1D870E1}.AppStore|Any CPU.Build.0 = Release|x86
		{A7CB8071-2887-4C2A-A045-F229C1D870E1}.AppStore|Any CPU.Deploy.0 = Release|x86
		{A7CB8071-2887-4C2A-A045-F229C1D870E1}.AppStore|ARM.ActiveCfg = Release|ARM
		{A7CB8071-2887-4C2A-A045-F229C1D870E1}.AppStore|ARM.Build.0 = Release|ARM
		{A7CB8071-2887-4C2A-A045-F229C1D870E1}.AppStore|ARM.Deploy.0 = Release|ARM
		{A7CB8071-2887-4C2A-A045-F229C1D870E1}.AppStore|iPhone.ActiveCfg = Release|x86
		{A7CB8071-2887-4C2A-A045-F229C1D870E1}.AppStore|iPhone.Build.0 = Release|x86
		{A7CB8071-2887-4C2A-A045-F229C1D870E1}.AppStore|iPhone.Deploy.0 = Release|x86
		{A7CB8071-2887-4C2A-A045-F229C1D870E1}.AppStore|iPhoneSimulator.ActiveCfg = Release|x86
		{A7CB8071-2887-4C2A-A045-F229C1D870E1}.AppStore|iPhoneSimulator.Build.0 = Release|x86
		{A7CB8071-2887-4C2A-A045-F229C1D870E1}.AppStore|iPhoneSimulator.Deploy.0 = Release|x86
		{A7CB8071-2887-4C2A-A045-F229C1D870E1}.AppStore|x64.ActiveCfg = Release|x64
		{A7CB8071-2887-4C2A-A045-F229C1D870E1}.AppStore|x64.Build.0 = Release|x64
		{A7CB8071-2887-4C2A-A045-F229C1D870E1}.AppStore|x64.Deploy.0 = Release|x64
		{A7CB8071-2887-4C2A-A045-F229C1D870E1}.AppStore|x86.ActiveCfg = Release|x86
		{A7CB8071-2887-4C2A-A045-F229C1D870E1}.AppStore|x86.Build.0 = Release|x86
		{A7CB8071-2887-4C2A-A045-F229C1D870E1}.AppStore|x86.Deploy.0 = Release|x86
		{A7CB8071-2887-4C2A-A045-F229C1D870E1}.Debug|Any CPU.ActiveCfg = Debug|x86
		{A7CB8071-2887-4C2A-A045-F229C1D870E1}.Debug|ARM.ActiveCfg = Debug|ARM
		{A7CB8071-2887-4C2A-A045-F229C1D870E1}.Debug|ARM.Build.0 = Debug|ARM
		{A7CB8071-2887-4C2A-A045-F229C1D870E1}.Debug|ARM.Deploy.0 = Debug|ARM
		{A7CB8071-2887-4C2A-A045-F229C1D870E1}.Debug|iPhone.ActiveCfg = Debug|x86
		{A7CB8071-2887-4C2A-A045-F229C1D870E1}.Debug|iPhoneSimulator.ActiveCfg = Debug|x86
		{A7CB8071-2887-4C2A-A045-F229C1D870E1}.Debug|x64.ActiveCfg = Debug|x64
		{A7CB8071-2887-4C2A-A045-F229C1D870E1}.Debug|x64.Build.0 = Debug|x64
		{A7CB8071-2887-4C2A-A045-F229C1D870E1}.Debug|x64.Deploy.0 = Debug|x64
		{A7CB8071-2887-4C2A-A045-F229C1D870E1}.Debug|x86.ActiveCfg = Debug|x86
		{A7CB8071-2887-4C2A-A045-F229C1D870E1}.Debug|x86.Build.0 = Debug|x86
		{A7CB8071-2887-4C2A-A045-F229C1D870E1}.Debug|x86.Deploy.0 = Debug|x86
		{A7CB8071-2887-4C2A-A045-F229C1D870E1}.Release|Any CPU.ActiveCfg = Release|x86
		{A7CB8071-2887-4C2A-A045-F229C1D870E1}.Release|ARM.ActiveCfg = Release|ARM
		{A7CB8071-2887-4C2A-A045-F229C1D870E1}.Release|ARM.Build.0 = Release|ARM
		{A7CB8071-2887-4C2A-A045-F229C1D870E1}.Release|ARM.Deploy.0 = Release|ARM
		{A7CB8071-2887-4C2A-A045-F229C1D870E1}.Release|iPhone.ActiveCfg = Release|x86
		{A7CB8071-2887-4C2A-A045-F229C1D870E1}.Release|iPhoneSimulator.ActiveCfg = Release|x86
		{A7CB8071-2887-4C2A-A045-F229C1D870E1}.Release|x64.ActiveCfg = Release|x64
		{A7CB8071-2887-4C2A-A045-F229C1D870E1}.Release|x64.Build.0 = Release|x64
		{A7CB8071-2887-4C2A-A045-F229C1D870E1}.Release|x64.Deploy.0 = Release|x64
		{A7CB8071-2887-4C2A-A045-F229C1D870E1}.Release|x86.ActiveCfg = Release|x86
		{A7CB8071-2887-4C2A-A045-F229C1D870E1}.Release|x86.Build.0 = Release|x86
		{A7CB8071-2887-4C2A-A045-F229C1D870E1}.Release|x86.Deploy.0 = Release|x86
		{82043D47-8EE6-42B9-8EE1-650C77A210EC}.Ad-Hoc|Any CPU.ActiveCfg = Release|Any CPU
		{82043D47-8EE6-42B9-8EE1-650C77A210EC}.Ad-Hoc|Any CPU.Build.0 = Release|Any CPU
		{82043D47-8EE6-42B9-8EE1-650C77A210EC}.Ad-Hoc|ARM.ActiveCfg = Release|Any CPU
		{82043D47-8EE6-42B9-8EE1-650C77A210EC}.Ad-Hoc|ARM.Build.0 = Release|Any CPU
		{82043D47-8EE6-42B9-8EE1-650C77A210EC}.Ad-Hoc|iPhone.ActiveCfg = Release|Any CPU
		{82043D47-8EE6-42B9-8EE1-650C77A210EC}.Ad-Hoc|iPhone.Build.0 = Release|Any CPU
		{82043D47-8EE6-42B9-8EE1-650C77A210EC}.Ad-Hoc|iPhoneSimulator.ActiveCfg = Release|Any CPU
		{82043D47-8EE6-42B9-8EE1-650C77A210EC}.Ad-Hoc|iPhoneSimulator.Build.0 = Release|Any CPU
		{82043D47-8EE6-42B9-8EE1-650C77A210EC}.Ad-Hoc|x64.ActiveCfg = Release|Any CPU
		{82043D47-8EE6-42B9-8EE1-650C77A210EC}.Ad-Hoc|x64.Build.0 = Release|Any CPU
		{82043D47-8EE6-42B9-8EE1-650C77A210EC}.Ad-Hoc|x86.ActiveCfg = Release|Any CPU
		{82043D47-8EE6-42B9-8EE1-650C77A210EC}.Ad-Hoc|x86.Build.0 = Release|Any CPU
		{82043D47-8EE6-42B9-8EE1-650C77A210EC}.AppStore|Any CPU.ActiveCfg = Release|Any CPU
		{82043D47-8EE6-42B9-8EE1-650C77A210EC}.AppStore|Any CPU.Build.0 = Release|Any CPU
		{82043D47-8EE6-42B9-8EE1-650C77A210EC}.AppStore|ARM.ActiveCfg = Release|Any CPU
		{82043D47-8EE6-42B9-8EE1-650C77A210EC}.AppStore|ARM.Build.0 = Release|Any CPU
		{82043D47-8EE6-42B9-8EE1-650C77A210EC}.AppStore|iPhone.ActiveCfg = Release|Any CPU
		{82043D47-8EE6-42B9-8EE1-650C77A210EC}.AppStore|iPhone.Build.0 = Release|Any CPU
		{82043D47-8EE6-42B9-8EE1-650C77A210EC}.AppStore|iPhoneSimulator.ActiveCfg = Release|Any CPU
		{82043D47-8EE6-42B9-8EE1-650C77A210EC}.AppStore|iPhoneSimulator.Build.0 = Release|Any CPU
		{82043D47-8EE6-42B9-8EE1-650C77A210EC}.AppStore|x64.ActiveCfg = Release|Any CPU
		{82043D47-8EE6-42B9-8EE1-650C77A210EC}.AppStore|x64.Build.0 = Release|Any CPU
		{82043D47-8EE6-42B9-8EE1-650C77A210EC}.AppStore|x86.ActiveCfg = Release|Any CPU
		{82043D47-8EE6-42B9-8EE1-650C77A210EC}.AppStore|x86.Build.0 = Release|Any CPU
		{82043D47-8EE6-42B9-8EE1-650C77A210EC}.Debug|Any CPU.ActiveCfg = Debug|Any CPU
		{82043D47-8EE6-42B9-8EE1-650C77A210EC}.Debug|Any CPU.Build.0 = Debug|Any CPU
		{82043D47-8EE6-42B9-8EE1-650C77A210EC}.Debug|ARM.ActiveCfg = Debug|Any CPU
		{82043D47-8EE6-42B9-8EE1-650C77A210EC}.Debug|ARM.Build.0 = Debug|Any CPU
		{82043D47-8EE6-42B9-8EE1-650C77A210EC}.Debug|iPhone.ActiveCfg = Debug|Any CPU
		{82043D47-8EE6-42B9-8EE1-650C77A210EC}.Debug|iPhone.Build.0 = Debug|Any CPU
		{82043D47-8EE6-42B9-8EE1-650C77A210EC}.Debug|iPhoneSimulator.ActiveCfg = Debug|Any CPU
		{82043D47-8EE6-42B9-8EE1-650C77A210EC}.Debug|iPhoneSimulator.Build.0 = Debug|Any CPU
		{82043D47-8EE6-42B9-8EE1-650C77A210EC}.Debug|x64.ActiveCfg = Debug|Any CPU
		{82043D47-8EE6-42B9-8EE1-650C77A210EC}.Debug|x64.Build.0 = Debug|Any CPU
		{82043D47-8EE6-42B9-8EE1-650C77A210EC}.Debug|x86.ActiveCfg = Debug|Any CPU
		{82043D47-8EE6-42B9-8EE1-650C77A210EC}.Debug|x86.Build.0 = Debug|Any CPU
		{82043D47-8EE6-42B9-8EE1-650C77A210EC}.Release|Any CPU.ActiveCfg = Release|Any CPU
		{82043D47-8EE6-42B9-8EE1-650C77A210EC}.Release|Any CPU.Build.0 = Release|Any CPU
		{82043D47-8EE6-42B9-8EE1-650C77A210EC}.Release|ARM.ActiveCfg = Release|Any CPU
		{82043D47-8EE6-42B9-8EE1-650C77A210EC}.Release|ARM.Build.0 = Release|Any CPU
		{82043D47-8EE6-42B9-8EE1-650C77A210EC}.Release|iPhone.ActiveCfg = Release|Any CPU
		{82043D47-8EE6-42B9-8EE1-650C77A210EC}.Release|iPhone.Build.0 = Release|Any CPU
		{82043D47-8EE6-42B9-8EE1-650C77A210EC}.Release|iPhoneSimulator.ActiveCfg = Release|Any CPU
		{82043D47-8EE6-42B9-8EE1-650C77A210EC}.Release|iPhoneSimulator.Build.0 = Release|Any CPU
		{82043D47-8EE6-42B9-8EE1-650C77A210EC}.Release|x64.ActiveCfg = Release|Any CPU
		{82043D47-8EE6-42B9-8EE1-650C77A210EC}.Release|x64.Build.0 = Release|Any CPU
		{82043D47-8EE6-42B9-8EE1-650C77A210EC}.Release|x86.ActiveCfg = Release|Any CPU
		{82043D47-8EE6-42B9-8EE1-650C77A210EC}.Release|x86.Build.0 = Release|Any CPU
		{8814A9C3-588D-4989-8AEA-9FDEBCDDA37D}.Ad-Hoc|Any CPU.ActiveCfg = Release|Any CPU
		{8814A9C3-588D-4989-8AEA-9FDEBCDDA37D}.Ad-Hoc|Any CPU.Build.0 = Release|Any CPU
		{8814A9C3-588D-4989-8AEA-9FDEBCDDA37D}.Ad-Hoc|ARM.ActiveCfg = Release|Any CPU
		{8814A9C3-588D-4989-8AEA-9FDEBCDDA37D}.Ad-Hoc|ARM.Build.0 = Release|Any CPU
		{8814A9C3-588D-4989-8AEA-9FDEBCDDA37D}.Ad-Hoc|iPhone.ActiveCfg = Release|Any CPU
		{8814A9C3-588D-4989-8AEA-9FDEBCDDA37D}.Ad-Hoc|iPhone.Build.0 = Release|Any CPU
		{8814A9C3-588D-4989-8AEA-9FDEBCDDA37D}.Ad-Hoc|iPhoneSimulator.ActiveCfg = Release|Any CPU
		{8814A9C3-588D-4989-8AEA-9FDEBCDDA37D}.Ad-Hoc|iPhoneSimulator.Build.0 = Release|Any CPU
		{8814A9C3-588D-4989-8AEA-9FDEBCDDA37D}.Ad-Hoc|x64.ActiveCfg = Release|Any CPU
		{8814A9C3-588D-4989-8AEA-9FDEBCDDA37D}.Ad-Hoc|x64.Build.0 = Release|Any CPU
		{8814A9C3-588D-4989-8AEA-9FDEBCDDA37D}.Ad-Hoc|x86.ActiveCfg = Release|Any CPU
		{8814A9C3-588D-4989-8AEA-9FDEBCDDA37D}.Ad-Hoc|x86.Build.0 = Release|Any CPU
		{8814A9C3-588D-4989-8AEA-9FDEBCDDA37D}.AppStore|Any CPU.ActiveCfg = Release|Any CPU
		{8814A9C3-588D-4989-8AEA-9FDEBCDDA37D}.AppStore|Any CPU.Build.0 = Release|Any CPU
		{8814A9C3-588D-4989-8AEA-9FDEBCDDA37D}.AppStore|ARM.ActiveCfg = Release|Any CPU
		{8814A9C3-588D-4989-8AEA-9FDEBCDDA37D}.AppStore|ARM.Build.0 = Release|Any CPU
		{8814A9C3-588D-4989-8AEA-9FDEBCDDA37D}.AppStore|iPhone.ActiveCfg = Release|Any CPU
		{8814A9C3-588D-4989-8AEA-9FDEBCDDA37D}.AppStore|iPhone.Build.0 = Release|Any CPU
		{8814A9C3-588D-4989-8AEA-9FDEBCDDA37D}.AppStore|iPhoneSimulator.ActiveCfg = Release|Any CPU
		{8814A9C3-588D-4989-8AEA-9FDEBCDDA37D}.AppStore|iPhoneSimulator.Build.0 = Release|Any CPU
		{8814A9C3-588D-4989-8AEA-9FDEBCDDA37D}.AppStore|x64.ActiveCfg = Release|Any CPU
		{8814A9C3-588D-4989-8AEA-9FDEBCDDA37D}.AppStore|x64.Build.0 = Release|Any CPU
		{8814A9C3-588D-4989-8AEA-9FDEBCDDA37D}.AppStore|x86.ActiveCfg = Release|Any CPU
		{8814A9C3-588D-4989-8AEA-9FDEBCDDA37D}.AppStore|x86.Build.0 = Release|Any CPU
		{8814A9C3-588D-4989-8AEA-9FDEBCDDA37D}.Debug|Any CPU.ActiveCfg = Debug|Any CPU
		{8814A9C3-588D-4989-8AEA-9FDEBCDDA37D}.Debug|Any CPU.Build.0 = Debug|Any CPU
		{8814A9C3-588D-4989-8AEA-9FDEBCDDA37D}.Debug|ARM.ActiveCfg = Debug|Any CPU
		{8814A9C3-588D-4989-8AEA-9FDEBCDDA37D}.Debug|ARM.Build.0 = Debug|Any CPU
		{8814A9C3-588D-4989-8AEA-9FDEBCDDA37D}.Debug|iPhone.ActiveCfg = Debug|Any CPU
		{8814A9C3-588D-4989-8AEA-9FDEBCDDA37D}.Debug|iPhone.Build.0 = Debug|Any CPU
		{8814A9C3-588D-4989-8AEA-9FDEBCDDA37D}.Debug|iPhoneSimulator.ActiveCfg = Debug|Any CPU
		{8814A9C3-588D-4989-8AEA-9FDEBCDDA37D}.Debug|iPhoneSimulator.Build.0 = Debug|Any CPU
		{8814A9C3-588D-4989-8AEA-9FDEBCDDA37D}.Debug|x64.ActiveCfg = Debug|Any CPU
		{8814A9C3-588D-4989-8AEA-9FDEBCDDA37D}.Debug|x64.Build.0 = Debug|Any CPU
		{8814A9C3-588D-4989-8AEA-9FDEBCDDA37D}.Debug|x86.ActiveCfg = Debug|Any CPU
		{8814A9C3-588D-4989-8AEA-9FDEBCDDA37D}.Debug|x86.Build.0 = Debug|Any CPU
		{8814A9C3-588D-4989-8AEA-9FDEBCDDA37D}.Release|Any CPU.ActiveCfg = Release|Any CPU
		{8814A9C3-588D-4989-8AEA-9FDEBCDDA37D}.Release|Any CPU.Build.0 = Release|Any CPU
		{8814A9C3-588D-4989-8AEA-9FDEBCDDA37D}.Release|ARM.ActiveCfg = Release|Any CPU
		{8814A9C3-588D-4989-8AEA-9FDEBCDDA37D}.Release|ARM.Build.0 = Release|Any CPU
		{8814A9C3-588D-4989-8AEA-9FDEBCDDA37D}.Release|iPhone.ActiveCfg = Release|Any CPU
		{8814A9C3-588D-4989-8AEA-9FDEBCDDA37D}.Release|iPhone.Build.0 = Release|Any CPU
		{8814A9C3-588D-4989-8AEA-9FDEBCDDA37D}.Release|iPhoneSimulator.ActiveCfg = Release|Any CPU
		{8814A9C3-588D-4989-8AEA-9FDEBCDDA37D}.Release|iPhoneSimulator.Build.0 = Release|Any CPU
		{8814A9C3-588D-4989-8AEA-9FDEBCDDA37D}.Release|x64.ActiveCfg = Release|Any CPU
		{8814A9C3-588D-4989-8AEA-9FDEBCDDA37D}.Release|x64.Build.0 = Release|Any CPU
		{8814A9C3-588D-4989-8AEA-9FDEBCDDA37D}.Release|x86.ActiveCfg = Release|Any CPU
		{8814A9C3-588D-4989-8AEA-9FDEBCDDA37D}.Release|x86.Build.0 = Release|Any CPU
		{739CE3E5-2768-46B3-8581-025402F97BC4}.Ad-Hoc|Any CPU.ActiveCfg = Release|Any CPU
		{739CE3E5-2768-46B3-8581-025402F97BC4}.Ad-Hoc|Any CPU.Build.0 = Release|Any CPU
		{739CE3E5-2768-46B3-8581-025402F97BC4}.Ad-Hoc|ARM.ActiveCfg = Release|Any CPU
		{739CE3E5-2768-46B3-8581-025402F97BC4}.Ad-Hoc|ARM.Build.0 = Release|Any CPU
		{739CE3E5-2768-46B3-8581-025402F97BC4}.Ad-Hoc|iPhone.ActiveCfg = Release|Any CPU
		{739CE3E5-2768-46B3-8581-025402F97BC4}.Ad-Hoc|iPhone.Build.0 = Release|Any CPU
		{739CE3E5-2768-46B3-8581-025402F97BC4}.Ad-Hoc|iPhoneSimulator.ActiveCfg = Release|Any CPU
		{739CE3E5-2768-46B3-8581-025402F97BC4}.Ad-Hoc|iPhoneSimulator.Build.0 = Release|Any CPU
		{739CE3E5-2768-46B3-8581-025402F97BC4}.Ad-Hoc|x64.ActiveCfg = Release|Any CPU
		{739CE3E5-2768-46B3-8581-025402F97BC4}.Ad-Hoc|x64.Build.0 = Release|Any CPU
		{739CE3E5-2768-46B3-8581-025402F97BC4}.Ad-Hoc|x86.ActiveCfg = Release|Any CPU
		{739CE3E5-2768-46B3-8581-025402F97BC4}.Ad-Hoc|x86.Build.0 = Release|Any CPU
		{739CE3E5-2768-46B3-8581-025402F97BC4}.AppStore|Any CPU.ActiveCfg = Release|Any CPU
		{739CE3E5-2768-46B3-8581-025402F97BC4}.AppStore|Any CPU.Build.0 = Release|Any CPU
		{739CE3E5-2768-46B3-8581-025402F97BC4}.AppStore|ARM.ActiveCfg = Release|Any CPU
		{739CE3E5-2768-46B3-8581-025402F97BC4}.AppStore|ARM.Build.0 = Release|Any CPU
		{739CE3E5-2768-46B3-8581-025402F97BC4}.AppStore|iPhone.ActiveCfg = Release|Any CPU
		{739CE3E5-2768-46B3-8581-025402F97BC4}.AppStore|iPhone.Build.0 = Release|Any CPU
		{739CE3E5-2768-46B3-8581-025402F97BC4}.AppStore|iPhoneSimulator.ActiveCfg = Release|Any CPU
		{739CE3E5-2768-46B3-8581-025402F97BC4}.AppStore|iPhoneSimulator.Build.0 = Release|Any CPU
		{739CE3E5-2768-46B3-8581-025402F97BC4}.AppStore|x64.ActiveCfg = Release|Any CPU
		{739CE3E5-2768-46B3-8581-025402F97BC4}.AppStore|x64.Build.0 = Release|Any CPU
		{739CE3E5-2768-46B3-8581-025402F97BC4}.AppStore|x86.ActiveCfg = Release|Any CPU
		{739CE3E5-2768-46B3-8581-025402F97BC4}.AppStore|x86.Build.0 = Release|Any CPU
		{739CE3E5-2768-46B3-8581-025402F97BC4}.Debug|Any CPU.ActiveCfg = Debug|Any CPU
		{739CE3E5-2768-46B3-8581-025402F97BC4}.Debug|Any CPU.Build.0 = Debug|Any CPU
		{739CE3E5-2768-46B3-8581-025402F97BC4}.Debug|Any CPU.Deploy.0 = Debug|Any CPU
		{739CE3E5-2768-46B3-8581-025402F97BC4}.Debug|ARM.ActiveCfg = Debug|Any CPU
		{739CE3E5-2768-46B3-8581-025402F97BC4}.Debug|ARM.Build.0 = Debug|Any CPU
		{739CE3E5-2768-46B3-8581-025402F97BC4}.Debug|iPhone.ActiveCfg = Debug|Any CPU
		{739CE3E5-2768-46B3-8581-025402F97BC4}.Debug|iPhone.Build.0 = Debug|Any CPU
		{739CE3E5-2768-46B3-8581-025402F97BC4}.Debug|iPhoneSimulator.ActiveCfg = Debug|Any CPU
		{739CE3E5-2768-46B3-8581-025402F97BC4}.Debug|iPhoneSimulator.Build.0 = Debug|Any CPU
		{739CE3E5-2768-46B3-8581-025402F97BC4}.Debug|x64.ActiveCfg = Debug|Any CPU
		{739CE3E5-2768-46B3-8581-025402F97BC4}.Debug|x64.Build.0 = Debug|Any CPU
		{739CE3E5-2768-46B3-8581-025402F97BC4}.Debug|x86.ActiveCfg = Debug|Any CPU
		{739CE3E5-2768-46B3-8581-025402F97BC4}.Debug|x86.Build.0 = Debug|Any CPU
		{739CE3E5-2768-46B3-8581-025402F97BC4}.Release|Any CPU.ActiveCfg = Release|Any CPU
		{739CE3E5-2768-46B3-8581-025402F97BC4}.Release|Any CPU.Build.0 = Release|Any CPU
		{739CE3E5-2768-46B3-8581-025402F97BC4}.Release|Any CPU.Deploy.0 = Release|Any CPU
		{739CE3E5-2768-46B3-8581-025402F97BC4}.Release|ARM.ActiveCfg = Release|Any CPU
		{739CE3E5-2768-46B3-8581-025402F97BC4}.Release|ARM.Build.0 = Release|Any CPU
		{739CE3E5-2768-46B3-8581-025402F97BC4}.Release|iPhone.ActiveCfg = Release|Any CPU
		{739CE3E5-2768-46B3-8581-025402F97BC4}.Release|iPhone.Build.0 = Release|Any CPU
		{739CE3E5-2768-46B3-8581-025402F97BC4}.Release|iPhoneSimulator.ActiveCfg = Release|Any CPU
		{739CE3E5-2768-46B3-8581-025402F97BC4}.Release|iPhoneSimulator.Build.0 = Release|Any CPU
		{739CE3E5-2768-46B3-8581-025402F97BC4}.Release|x64.ActiveCfg = Release|Any CPU
		{739CE3E5-2768-46B3-8581-025402F97BC4}.Release|x64.Build.0 = Release|Any CPU
		{739CE3E5-2768-46B3-8581-025402F97BC4}.Release|x86.ActiveCfg = Release|Any CPU
		{739CE3E5-2768-46B3-8581-025402F97BC4}.Release|x86.Build.0 = Release|Any CPU
		{11A9ABF5-8DD7-416E-B2C8-8D21E6B1558B}.Ad-Hoc|Any CPU.ActiveCfg = Release|Any CPU
		{11A9ABF5-8DD7-416E-B2C8-8D21E6B1558B}.Ad-Hoc|Any CPU.Build.0 = Release|Any CPU
		{11A9ABF5-8DD7-416E-B2C8-8D21E6B1558B}.Ad-Hoc|ARM.ActiveCfg = Release|Any CPU
		{11A9ABF5-8DD7-416E-B2C8-8D21E6B1558B}.Ad-Hoc|ARM.Build.0 = Release|Any CPU
		{11A9ABF5-8DD7-416E-B2C8-8D21E6B1558B}.Ad-Hoc|iPhone.ActiveCfg = Release|Any CPU
		{11A9ABF5-8DD7-416E-B2C8-8D21E6B1558B}.Ad-Hoc|iPhone.Build.0 = Release|Any CPU
		{11A9ABF5-8DD7-416E-B2C8-8D21E6B1558B}.Ad-Hoc|iPhoneSimulator.ActiveCfg = Release|Any CPU
		{11A9ABF5-8DD7-416E-B2C8-8D21E6B1558B}.Ad-Hoc|iPhoneSimulator.Build.0 = Release|Any CPU
		{11A9ABF5-8DD7-416E-B2C8-8D21E6B1558B}.Ad-Hoc|x64.ActiveCfg = Release|Any CPU
		{11A9ABF5-8DD7-416E-B2C8-8D21E6B1558B}.Ad-Hoc|x64.Build.0 = Release|Any CPU
		{11A9ABF5-8DD7-416E-B2C8-8D21E6B1558B}.Ad-Hoc|x86.ActiveCfg = Release|Any CPU
		{11A9ABF5-8DD7-416E-B2C8-8D21E6B1558B}.Ad-Hoc|x86.Build.0 = Release|Any CPU
		{11A9ABF5-8DD7-416E-B2C8-8D21E6B1558B}.AppStore|Any CPU.ActiveCfg = Release|Any CPU
		{11A9ABF5-8DD7-416E-B2C8-8D21E6B1558B}.AppStore|Any CPU.Build.0 = Release|Any CPU
		{11A9ABF5-8DD7-416E-B2C8-8D21E6B1558B}.AppStore|ARM.ActiveCfg = Release|Any CPU
		{11A9ABF5-8DD7-416E-B2C8-8D21E6B1558B}.AppStore|ARM.Build.0 = Release|Any CPU
		{11A9ABF5-8DD7-416E-B2C8-8D21E6B1558B}.AppStore|iPhone.ActiveCfg = Release|Any CPU
		{11A9ABF5-8DD7-416E-B2C8-8D21E6B1558B}.AppStore|iPhone.Build.0 = Release|Any CPU
		{11A9ABF5-8DD7-416E-B2C8-8D21E6B1558B}.AppStore|iPhoneSimulator.ActiveCfg = Release|Any CPU
		{11A9ABF5-8DD7-416E-B2C8-8D21E6B1558B}.AppStore|iPhoneSimulator.Build.0 = Release|Any CPU
		{11A9ABF5-8DD7-416E-B2C8-8D21E6B1558B}.AppStore|x64.ActiveCfg = Release|Any CPU
		{11A9ABF5-8DD7-416E-B2C8-8D21E6B1558B}.AppStore|x64.Build.0 = Release|Any CPU
		{11A9ABF5-8DD7-416E-B2C8-8D21E6B1558B}.AppStore|x86.ActiveCfg = Release|Any CPU
		{11A9ABF5-8DD7-416E-B2C8-8D21E6B1558B}.AppStore|x86.Build.0 = Release|Any CPU
		{11A9ABF5-8DD7-416E-B2C8-8D21E6B1558B}.Debug|Any CPU.ActiveCfg = Debug|Any CPU
		{11A9ABF5-8DD7-416E-B2C8-8D21E6B1558B}.Debug|Any CPU.Build.0 = Debug|Any CPU
		{11A9ABF5-8DD7-416E-B2C8-8D21E6B1558B}.Debug|ARM.ActiveCfg = Debug|Any CPU
		{11A9ABF5-8DD7-416E-B2C8-8D21E6B1558B}.Debug|ARM.Build.0 = Debug|Any CPU
		{11A9ABF5-8DD7-416E-B2C8-8D21E6B1558B}.Debug|iPhone.ActiveCfg = Debug|Any CPU
		{11A9ABF5-8DD7-416E-B2C8-8D21E6B1558B}.Debug|iPhone.Build.0 = Debug|Any CPU
		{11A9ABF5-8DD7-416E-B2C8-8D21E6B1558B}.Debug|iPhoneSimulator.ActiveCfg = Debug|Any CPU
		{11A9ABF5-8DD7-416E-B2C8-8D21E6B1558B}.Debug|iPhoneSimulator.Build.0 = Debug|Any CPU
		{11A9ABF5-8DD7-416E-B2C8-8D21E6B1558B}.Debug|x64.ActiveCfg = Debug|Any CPU
		{11A9ABF5-8DD7-416E-B2C8-8D21E6B1558B}.Debug|x64.Build.0 = Debug|Any CPU
		{11A9ABF5-8DD7-416E-B2C8-8D21E6B1558B}.Debug|x86.ActiveCfg = Debug|Any CPU
		{11A9ABF5-8DD7-416E-B2C8-8D21E6B1558B}.Debug|x86.Build.0 = Debug|Any CPU
		{11A9ABF5-8DD7-416E-B2C8-8D21E6B1558B}.Release|Any CPU.ActiveCfg = Release|Any CPU
		{11A9ABF5-8DD7-416E-B2C8-8D21E6B1558B}.Release|Any CPU.Build.0 = Release|Any CPU
		{11A9ABF5-8DD7-416E-B2C8-8D21E6B1558B}.Release|ARM.ActiveCfg = Release|Any CPU
		{11A9ABF5-8DD7-416E-B2C8-8D21E6B1558B}.Release|ARM.Build.0 = Release|Any CPU
		{11A9ABF5-8DD7-416E-B2C8-8D21E6B1558B}.Release|iPhone.ActiveCfg = Release|Any CPU
		{11A9ABF5-8DD7-416E-B2C8-8D21E6B1558B}.Release|iPhone.Build.0 = Release|Any CPU
		{11A9ABF5-8DD7-416E-B2C8-8D21E6B1558B}.Release|iPhoneSimulator.ActiveCfg = Release|Any CPU
		{11A9ABF5-8DD7-416E-B2C8-8D21E6B1558B}.Release|iPhoneSimulator.Build.0 = Release|Any CPU
		{11A9ABF5-8DD7-416E-B2C8-8D21E6B1558B}.Release|x64.ActiveCfg = Release|Any CPU
		{11A9ABF5-8DD7-416E-B2C8-8D21E6B1558B}.Release|x64.Build.0 = Release|Any CPU
		{11A9ABF5-8DD7-416E-B2C8-8D21E6B1558B}.Release|x86.ActiveCfg = Release|Any CPU
		{11A9ABF5-8DD7-416E-B2C8-8D21E6B1558B}.Release|x86.Build.0 = Release|Any CPU
		{136A19C5-50E7-4643-A6BA-3506E6244E46}.Ad-Hoc|Any CPU.ActiveCfg = Release|x64
		{136A19C5-50E7-4643-A6BA-3506E6244E46}.Ad-Hoc|Any CPU.Build.0 = Release|x64
		{136A19C5-50E7-4643-A6BA-3506E6244E46}.Ad-Hoc|Any CPU.Deploy.0 = Release|x64
		{136A19C5-50E7-4643-A6BA-3506E6244E46}.Ad-Hoc|ARM.ActiveCfg = Release|ARM
		{136A19C5-50E7-4643-A6BA-3506E6244E46}.Ad-Hoc|ARM.Build.0 = Release|ARM
		{136A19C5-50E7-4643-A6BA-3506E6244E46}.Ad-Hoc|ARM.Deploy.0 = Release|ARM
		{136A19C5-50E7-4643-A6BA-3506E6244E46}.Ad-Hoc|ARM64.ActiveCfg = Release|ARM64
		{136A19C5-50E7-4643-A6BA-3506E6244E46}.Ad-Hoc|ARM64.Build.0 = Release|ARM64
		{136A19C5-50E7-4643-A6BA-3506E6244E46}.Ad-Hoc|ARM64.Deploy.0 = Release|ARM64
		{136A19C5-50E7-4643-A6BA-3506E6244E46}.Ad-Hoc|iPhone.ActiveCfg = Release|x64
		{136A19C5-50E7-4643-A6BA-3506E6244E46}.Ad-Hoc|iPhone.Build.0 = Release|x64
		{136A19C5-50E7-4643-A6BA-3506E6244E46}.Ad-Hoc|iPhone.Deploy.0 = Release|x64
		{136A19C5-50E7-4643-A6BA-3506E6244E46}.Ad-Hoc|iPhoneSimulator.ActiveCfg = Release|x64
		{136A19C5-50E7-4643-A6BA-3506E6244E46}.Ad-Hoc|iPhoneSimulator.Build.0 = Release|x64
		{136A19C5-50E7-4643-A6BA-3506E6244E46}.Ad-Hoc|iPhoneSimulator.Deploy.0 = Release|x64
		{136A19C5-50E7-4643-A6BA-3506E6244E46}.Ad-Hoc|x64.ActiveCfg = Release|x64
		{136A19C5-50E7-4643-A6BA-3506E6244E46}.Ad-Hoc|x64.Build.0 = Release|x64
		{136A19C5-50E7-4643-A6BA-3506E6244E46}.Ad-Hoc|x64.Deploy.0 = Release|x64
		{136A19C5-50E7-4643-A6BA-3506E6244E46}.Ad-Hoc|x86.ActiveCfg = Release|x86
		{136A19C5-50E7-4643-A6BA-3506E6244E46}.Ad-Hoc|x86.Build.0 = Release|x86
		{136A19C5-50E7-4643-A6BA-3506E6244E46}.Ad-Hoc|x86.Deploy.0 = Release|x86
		{136A19C5-50E7-4643-A6BA-3506E6244E46}.AppStore|Any CPU.ActiveCfg = Release|x64
		{136A19C5-50E7-4643-A6BA-3506E6244E46}.AppStore|Any CPU.Build.0 = Release|x64
		{136A19C5-50E7-4643-A6BA-3506E6244E46}.AppStore|Any CPU.Deploy.0 = Release|x64
		{136A19C5-50E7-4643-A6BA-3506E6244E46}.AppStore|ARM.ActiveCfg = Release|ARM
		{136A19C5-50E7-4643-A6BA-3506E6244E46}.AppStore|ARM.Build.0 = Release|ARM
		{136A19C5-50E7-4643-A6BA-3506E6244E46}.AppStore|ARM.Deploy.0 = Release|ARM
		{136A19C5-50E7-4643-A6BA-3506E6244E46}.AppStore|ARM64.ActiveCfg = Release|ARM64
		{136A19C5-50E7-4643-A6BA-3506E6244E46}.AppStore|ARM64.Build.0 = Release|ARM64
		{136A19C5-50E7-4643-A6BA-3506E6244E46}.AppStore|ARM64.Deploy.0 = Release|ARM64
		{136A19C5-50E7-4643-A6BA-3506E6244E46}.AppStore|iPhone.ActiveCfg = Release|x64
		{136A19C5-50E7-4643-A6BA-3506E6244E46}.AppStore|iPhone.Build.0 = Release|x64
		{136A19C5-50E7-4643-A6BA-3506E6244E46}.AppStore|iPhone.Deploy.0 = Release|x64
		{136A19C5-50E7-4643-A6BA-3506E6244E46}.AppStore|iPhoneSimulator.ActiveCfg = Release|x64
		{136A19C5-50E7-4643-A6BA-3506E6244E46}.AppStore|iPhoneSimulator.Build.0 = Release|x64
		{136A19C5-50E7-4643-A6BA-3506E6244E46}.AppStore|iPhoneSimulator.Deploy.0 = Release|x64
		{136A19C5-50E7-4643-A6BA-3506E6244E46}.AppStore|x64.ActiveCfg = Release|x64
		{136A19C5-50E7-4643-A6BA-3506E6244E46}.AppStore|x64.Build.0 = Release|x64
		{136A19C5-50E7-4643-A6BA-3506E6244E46}.AppStore|x64.Deploy.0 = Release|x64
		{136A19C5-50E7-4643-A6BA-3506E6244E46}.AppStore|x86.ActiveCfg = Release|x86
		{136A19C5-50E7-4643-A6BA-3506E6244E46}.AppStore|x86.Build.0 = Release|x86
		{136A19C5-50E7-4643-A6BA-3506E6244E46}.AppStore|x86.Deploy.0 = Release|x86
		{136A19C5-50E7-4643-A6BA-3506E6244E46}.Debug|Any CPU.ActiveCfg = Debug|x86
		{136A19C5-50E7-4643-A6BA-3506E6244E46}.Debug|ARM.ActiveCfg = Debug|ARM
		{136A19C5-50E7-4643-A6BA-3506E6244E46}.Debug|ARM.Build.0 = Debug|ARM
		{136A19C5-50E7-4643-A6BA-3506E6244E46}.Debug|ARM.Deploy.0 = Debug|ARM
		{136A19C5-50E7-4643-A6BA-3506E6244E46}.Debug|ARM64.ActiveCfg = Debug|ARM64
		{136A19C5-50E7-4643-A6BA-3506E6244E46}.Debug|ARM64.Build.0 = Debug|ARM64
		{136A19C5-50E7-4643-A6BA-3506E6244E46}.Debug|ARM64.Deploy.0 = Debug|ARM64
		{136A19C5-50E7-4643-A6BA-3506E6244E46}.Debug|iPhone.ActiveCfg = Debug|x86
		{136A19C5-50E7-4643-A6BA-3506E6244E46}.Debug|iPhoneSimulator.ActiveCfg = Debug|x86
		{136A19C5-50E7-4643-A6BA-3506E6244E46}.Debug|x64.ActiveCfg = Debug|x64
		{136A19C5-50E7-4643-A6BA-3506E6244E46}.Debug|x64.Build.0 = Debug|x64
		{136A19C5-50E7-4643-A6BA-3506E6244E46}.Debug|x64.Deploy.0 = Debug|x64
		{136A19C5-50E7-4643-A6BA-3506E6244E46}.Debug|x86.ActiveCfg = Debug|x86
		{136A19C5-50E7-4643-A6BA-3506E6244E46}.Debug|x86.Build.0 = Debug|x86
		{136A19C5-50E7-4643-A6BA-3506E6244E46}.Debug|x86.Deploy.0 = Debug|x86
		{136A19C5-50E7-4643-A6BA-3506E6244E46}.Release|Any CPU.ActiveCfg = Release|x86
		{136A19C5-50E7-4643-A6BA-3506E6244E46}.Release|ARM.ActiveCfg = Release|ARM
		{136A19C5-50E7-4643-A6BA-3506E6244E46}.Release|ARM.Build.0 = Release|ARM
		{136A19C5-50E7-4643-A6BA-3506E6244E46}.Release|ARM.Deploy.0 = Release|ARM
		{136A19C5-50E7-4643-A6BA-3506E6244E46}.Release|ARM64.ActiveCfg = Release|ARM64
		{136A19C5-50E7-4643-A6BA-3506E6244E46}.Release|ARM64.Build.0 = Release|ARM64
		{136A19C5-50E7-4643-A6BA-3506E6244E46}.Release|ARM64.Deploy.0 = Release|ARM64
		{136A19C5-50E7-4643-A6BA-3506E6244E46}.Release|iPhone.ActiveCfg = Release|x86
		{136A19C5-50E7-4643-A6BA-3506E6244E46}.Release|iPhoneSimulator.ActiveCfg = Release|x86
		{136A19C5-50E7-4643-A6BA-3506E6244E46}.Release|x64.ActiveCfg = Release|x64
		{136A19C5-50E7-4643-A6BA-3506E6244E46}.Release|x64.Build.0 = Release|x64
		{136A19C5-50E7-4643-A6BA-3506E6244E46}.Release|x64.Deploy.0 = Release|x64
		{136A19C5-50E7-4643-A6BA-3506E6244E46}.Release|x86.ActiveCfg = Release|x86
		{136A19C5-50E7-4643-A6BA-3506E6244E46}.Release|x86.Build.0 = Release|x86
		{136A19C5-50E7-4643-A6BA-3506E6244E46}.Release|x86.Deploy.0 = Release|x86
	EndGlobalSection
	GlobalSection(SolutionProperties) = preSolution
		HideSolutionNode = FALSE
	EndGlobalSection
	GlobalSection(ExtensibilityGlobals) = postSolution
		SolutionGuid = {F6D05029-56B8-4E45-AF2D-0E76295DDBA2}
	EndGlobalSection
EndGlobal
